// !$*UTF8*$!
{
	archiveVersion = 1;
	classes = {
	};
	objectVersion = 56;
	objects = {

/* Begin PBXBuildFile section */
		81DD6CEF2C88C5AA00066653 /*  OccurrencesView.swift in Sources */ = {isa = PBXBuildFile; fileRef = 81DD6CEE2C88C5AA00066653 /*  OccurrencesView.swift */; };
		81DD6CF32C88C64500066653 /* CardView.swift in Sources */ = {isa = PBXBuildFile; fileRef = 81DD6CF22C88C64500066653 /* CardView.swift */; };
		81DD6D972C88DB4700066653 /* WorkSans-Black.ttf in Resources */ = {isa = PBXBuildFile; fileRef = 81DD6D7F2C88DB4700066653 /* WorkSans-Black.ttf */; };
		81DD6D982C88DB4700066653 /* WorkSans-BlackItalic.ttf in Resources */ = {isa = PBXBuildFile; fileRef = 81DD6D802C88DB4700066653 /* WorkSans-BlackItalic.ttf */; };
		81DD6D992C88DB4700066653 /* WorkSans-Bold.ttf in Resources */ = {isa = PBXBuildFile; fileRef = 81DD6D812C88DB4700066653 /* WorkSans-Bold.ttf */; };
		81DD6D9A2C88DB4700066653 /* WorkSans-BoldItalic.ttf in Resources */ = {isa = PBXBuildFile; fileRef = 81DD6D822C88DB4700066653 /* WorkSans-BoldItalic.ttf */; };
		81DD6D9B2C88DB4700066653 /* WorkSans-ExtraBold.ttf in Resources */ = {isa = PBXBuildFile; fileRef = 81DD6D832C88DB4700066653 /* WorkSans-ExtraBold.ttf */; };
		81DD6D9C2C88DB4700066653 /* WorkSans-ExtraBoldItalic.ttf in Resources */ = {isa = PBXBuildFile; fileRef = 81DD6D842C88DB4700066653 /* WorkSans-ExtraBoldItalic.ttf */; };
		81DD6D9D2C88DB4700066653 /* WorkSans-ExtraLight.ttf in Resources */ = {isa = PBXBuildFile; fileRef = 81DD6D852C88DB4700066653 /* WorkSans-ExtraLight.ttf */; };
		81DD6D9E2C88DB4700066653 /* WorkSans-ExtraLightItalic.ttf in Resources */ = {isa = PBXBuildFile; fileRef = 81DD6D862C88DB4700066653 /* WorkSans-ExtraLightItalic.ttf */; };
		81DD6D9F2C88DB4700066653 /* WorkSans-Italic.ttf in Resources */ = {isa = PBXBuildFile; fileRef = 81DD6D872C88DB4700066653 /* WorkSans-Italic.ttf */; };
		81DD6DA02C88DB4700066653 /* WorkSans-Light.ttf in Resources */ = {isa = PBXBuildFile; fileRef = 81DD6D882C88DB4700066653 /* WorkSans-Light.ttf */; };
		81DD6DA12C88DB4700066653 /* WorkSans-LightItalic.ttf in Resources */ = {isa = PBXBuildFile; fileRef = 81DD6D892C88DB4700066653 /* WorkSans-LightItalic.ttf */; };
		81DD6DA22C88DB4700066653 /* WorkSans-Medium.ttf in Resources */ = {isa = PBXBuildFile; fileRef = 81DD6D8A2C88DB4700066653 /* WorkSans-Medium.ttf */; };
		81DD6DA32C88DB4700066653 /* WorkSans-MediumItalic.ttf in Resources */ = {isa = PBXBuildFile; fileRef = 81DD6D8B2C88DB4700066653 /* WorkSans-MediumItalic.ttf */; };
		81DD6DA42C88DB4700066653 /* WorkSans-Regular.ttf in Resources */ = {isa = PBXBuildFile; fileRef = 81DD6D8C2C88DB4700066653 /* WorkSans-Regular.ttf */; };
		81DD6DA52C88DB4700066653 /* WorkSans-SemiBold.ttf in Resources */ = {isa = PBXBuildFile; fileRef = 81DD6D8D2C88DB4700066653 /* WorkSans-SemiBold.ttf */; };
		81DD6DA62C88DB4700066653 /* WorkSans-SemiBoldItalic.ttf in Resources */ = {isa = PBXBuildFile; fileRef = 81DD6D8E2C88DB4700066653 /* WorkSans-SemiBoldItalic.ttf */; };
		81DD6DA72C88DB4700066653 /* WorkSans-Thin.ttf in Resources */ = {isa = PBXBuildFile; fileRef = 81DD6D8F2C88DB4700066653 /* WorkSans-Thin.ttf */; };
		81DD6DA82C88DB4700066653 /* WorkSans-ThinItalic.ttf in Resources */ = {isa = PBXBuildFile; fileRef = 81DD6D902C88DB4700066653 /* WorkSans-ThinItalic.ttf */; };
		81DD6DA92C88DB4700066653 /* OFL.txt in Resources */ = {isa = PBXBuildFile; fileRef = 81DD6D922C88DB4700066653 /* OFL.txt */; };
		81DD6DAA2C88DB4700066653 /* README.txt in Resources */ = {isa = PBXBuildFile; fileRef = 81DD6D932C88DB4700066653 /* README.txt */; };
		81DD6DAB2C88DB4700066653 /* WorkSans-Italic-VariableFont_wght.ttf in Resources */ = {isa = PBXBuildFile; fileRef = 81DD6D942C88DB4700066653 /* WorkSans-Italic-VariableFont_wght.ttf */; };
		81DD6DAC2C88DB4700066653 /* WorkSans-VariableFont_wght.ttf in Resources */ = {isa = PBXBuildFile; fileRef = 81DD6D952C88DB4700066653 /* WorkSans-VariableFont_wght.ttf */; };
		81EBAC212C7FA5C900D04EC4 /* HeadSafeApp.swift in Sources */ = {isa = PBXBuildFile; fileRef = 81EBAC202C7FA5C900D04EC4 /* HeadSafeApp.swift */; };
		81EBAC252C7FA5CD00D04EC4 /* Assets.xcassets in Resources */ = {isa = PBXBuildFile; fileRef = 81EBAC242C7FA5CD00D04EC4 /* Assets.xcassets */; };
		81EBAC292C7FA5CD00D04EC4 /* Preview Assets.xcassets in Resources */ = {isa = PBXBuildFile; fileRef = 81EBAC282C7FA5CD00D04EC4 /* Preview Assets.xcassets */; };
		81EBAC312C7FA67F00D04EC4 /* HeadSafeNavigation.swift in Sources */ = {isa = PBXBuildFile; fileRef = 81EBAC302C7FA67E00D04EC4 /* HeadSafeNavigation.swift */; };
		81EBAC332C7FA6AA00D04EC4 /* HeadSafeViewFactory.swift in Sources */ = {isa = PBXBuildFile; fileRef = 81EBAC322C7FA6AA00D04EC4 /* HeadSafeViewFactory.swift */; };
		81EBAC352C7FA70F00D04EC4 /* HeadSafeFlow.swift in Sources */ = {isa = PBXBuildFile; fileRef = 81EBAC342C7FA70F00D04EC4 /* HeadSafeFlow.swift */; };
/* End PBXBuildFile section */

/* Begin PBXFileReference section */
		81DD6CEE2C88C5AA00066653 /*  OccurrencesView.swift */ = {isa = PBXFileReference; lastKnownFileType = sourcecode.swift; path = " OccurrencesView.swift"; sourceTree = "<group>"; };
		81DD6CF22C88C64500066653 /* CardView.swift */ = {isa = PBXFileReference; lastKnownFileType = sourcecode.swift; path = CardView.swift; sourceTree = "<group>"; };
		81DD6D242C88CBC000066653 /* Info.plist */ = {isa = PBXFileReference; lastKnownFileType = text.plist; path = Info.plist; sourceTree = "<group>"; };
		81DD6D7F2C88DB4700066653 /* WorkSans-Black.ttf */ = {isa = PBXFileReference; lastKnownFileType = file; path = "WorkSans-Black.ttf"; sourceTree = "<group>"; };
		81DD6D802C88DB4700066653 /* WorkSans-BlackItalic.ttf */ = {isa = PBXFileReference; lastKnownFileType = file; path = "WorkSans-BlackItalic.ttf"; sourceTree = "<group>"; };
		81DD6D812C88DB4700066653 /* WorkSans-Bold.ttf */ = {isa = PBXFileReference; lastKnownFileType = file; path = "WorkSans-Bold.ttf"; sourceTree = "<group>"; };
		81DD6D822C88DB4700066653 /* WorkSans-BoldItalic.ttf */ = {isa = PBXFileReference; lastKnownFileType = file; path = "WorkSans-BoldItalic.ttf"; sourceTree = "<group>"; };
		81DD6D832C88DB4700066653 /* WorkSans-ExtraBold.ttf */ = {isa = PBXFileReference; lastKnownFileType = file; path = "WorkSans-ExtraBold.ttf"; sourceTree = "<group>"; };
		81DD6D842C88DB4700066653 /* WorkSans-ExtraBoldItalic.ttf */ = {isa = PBXFileReference; lastKnownFileType = file; path = "WorkSans-ExtraBoldItalic.ttf"; sourceTree = "<group>"; };
		81DD6D852C88DB4700066653 /* WorkSans-ExtraLight.ttf */ = {isa = PBXFileReference; lastKnownFileType = file; path = "WorkSans-ExtraLight.ttf"; sourceTree = "<group>"; };
		81DD6D862C88DB4700066653 /* WorkSans-ExtraLightItalic.ttf */ = {isa = PBXFileReference; lastKnownFileType = file; path = "WorkSans-ExtraLightItalic.ttf"; sourceTree = "<group>"; };
		81DD6D872C88DB4700066653 /* WorkSans-Italic.ttf */ = {isa = PBXFileReference; lastKnownFileType = file; path = "WorkSans-Italic.ttf"; sourceTree = "<group>"; };
		81DD6D882C88DB4700066653 /* WorkSans-Light.ttf */ = {isa = PBXFileReference; lastKnownFileType = file; path = "WorkSans-Light.ttf"; sourceTree = "<group>"; };
		81DD6D892C88DB4700066653 /* WorkSans-LightItalic.ttf */ = {isa = PBXFileReference; lastKnownFileType = file; path = "WorkSans-LightItalic.ttf"; sourceTree = "<group>"; };
		81DD6D8A2C88DB4700066653 /* WorkSans-Medium.ttf */ = {isa = PBXFileReference; lastKnownFileType = file; path = "WorkSans-Medium.ttf"; sourceTree = "<group>"; };
		81DD6D8B2C88DB4700066653 /* WorkSans-MediumItalic.ttf */ = {isa = PBXFileReference; lastKnownFileType = file; path = "WorkSans-MediumItalic.ttf"; sourceTree = "<group>"; };
		81DD6D8C2C88DB4700066653 /* WorkSans-Regular.ttf */ = {isa = PBXFileReference; lastKnownFileType = file; path = "WorkSans-Regular.ttf"; sourceTree = "<group>"; };
		81DD6D8D2C88DB4700066653 /* WorkSans-SemiBold.ttf */ = {isa = PBXFileReference; lastKnownFileType = file; path = "WorkSans-SemiBold.ttf"; sourceTree = "<group>"; };
		81DD6D8E2C88DB4700066653 /* WorkSans-SemiBoldItalic.ttf */ = {isa = PBXFileReference; lastKnownFileType = file; path = "WorkSans-SemiBoldItalic.ttf"; sourceTree = "<group>"; };
		81DD6D8F2C88DB4700066653 /* WorkSans-Thin.ttf */ = {isa = PBXFileReference; lastKnownFileType = file; path = "WorkSans-Thin.ttf"; sourceTree = "<group>"; };
		81DD6D902C88DB4700066653 /* WorkSans-ThinItalic.ttf */ = {isa = PBXFileReference; lastKnownFileType = file; path = "WorkSans-ThinItalic.ttf"; sourceTree = "<group>"; };
		81DD6D922C88DB4700066653 /* OFL.txt */ = {isa = PBXFileReference; fileEncoding = 4; lastKnownFileType = text; path = OFL.txt; sourceTree = "<group>"; };
		81DD6D932C88DB4700066653 /* README.txt */ = {isa = PBXFileReference; fileEncoding = 4; lastKnownFileType = text; path = README.txt; sourceTree = "<group>"; };
		81DD6D942C88DB4700066653 /* WorkSans-Italic-VariableFont_wght.ttf */ = {isa = PBXFileReference; lastKnownFileType = file; path = "WorkSans-Italic-VariableFont_wght.ttf"; sourceTree = "<group>"; };
		81DD6D952C88DB4700066653 /* WorkSans-VariableFont_wght.ttf */ = {isa = PBXFileReference; lastKnownFileType = file; path = "WorkSans-VariableFont_wght.ttf"; sourceTree = "<group>"; };
		81EBAC1D2C7FA5C900D04EC4 /* HeadSafe.app */ = {isa = PBXFileReference; explicitFileType = wrapper.application; includeInIndex = 0; path = HeadSafe.app; sourceTree = BUILT_PRODUCTS_DIR; };
		81EBAC202C7FA5C900D04EC4 /* HeadSafeApp.swift */ = {isa = PBXFileReference; lastKnownFileType = sourcecode.swift; path = HeadSafeApp.swift; sourceTree = "<group>"; };
		81EBAC242C7FA5CD00D04EC4 /* Assets.xcassets */ = {isa = PBXFileReference; lastKnownFileType = folder.assetcatalog; path = Assets.xcassets; sourceTree = "<group>"; };
		81EBAC262C7FA5CD00D04EC4 /* HeadSafe.entitlements */ = {isa = PBXFileReference; lastKnownFileType = text.plist.entitlements; path = HeadSafe.entitlements; sourceTree = "<group>"; };
		81EBAC282C7FA5CD00D04EC4 /* Preview Assets.xcassets */ = {isa = PBXFileReference; lastKnownFileType = folder.assetcatalog; path = "Preview Assets.xcassets"; sourceTree = "<group>"; };
		81EBAC302C7FA67E00D04EC4 /* HeadSafeNavigation.swift */ = {isa = PBXFileReference; lastKnownFileType = sourcecode.swift; path = HeadSafeNavigation.swift; sourceTree = "<group>"; };
		81EBAC322C7FA6AA00D04EC4 /* HeadSafeViewFactory.swift */ = {isa = PBXFileReference; lastKnownFileType = sourcecode.swift; path = HeadSafeViewFactory.swift; sourceTree = "<group>"; };
		81EBAC342C7FA70F00D04EC4 /* HeadSafeFlow.swift */ = {isa = PBXFileReference; lastKnownFileType = sourcecode.swift; path = HeadSafeFlow.swift; sourceTree = "<group>"; };
/* End PBXFileReference section */

/* Begin PBXFrameworksBuildPhase section */
		81EBAC1A2C7FA5C900D04EC4 /* Frameworks */ = {
			isa = PBXFrameworksBuildPhase;
			buildActionMask = 2147483647;
			files = (
			);
			runOnlyForDeploymentPostprocessing = 0;
		};
/* End PBXFrameworksBuildPhase section */

/* Begin PBXGroup section */
		817605722C88E203001EAC3E /* Occurrences */ = {
			isa = PBXGroup;
			children = (
				81DD6CEE2C88C5AA00066653 /*  OccurrencesView.swift */,
			);
			path = Occurrences;
			sourceTree = "<group>";
		};
		81DD6D912C88DB4700066653 /* static */ = {
			isa = PBXGroup;
			children = (
				81DD6D7F2C88DB4700066653 /* WorkSans-Black.ttf */,
				81DD6D802C88DB4700066653 /* WorkSans-BlackItalic.ttf */,
				81DD6D812C88DB4700066653 /* WorkSans-Bold.ttf */,
				81DD6D822C88DB4700066653 /* WorkSans-BoldItalic.ttf */,
				81DD6D832C88DB4700066653 /* WorkSans-ExtraBold.ttf */,
				81DD6D842C88DB4700066653 /* WorkSans-ExtraBoldItalic.ttf */,
				81DD6D852C88DB4700066653 /* WorkSans-ExtraLight.ttf */,
				81DD6D862C88DB4700066653 /* WorkSans-ExtraLightItalic.ttf */,
				81DD6D872C88DB4700066653 /* WorkSans-Italic.ttf */,
				81DD6D882C88DB4700066653 /* WorkSans-Light.ttf */,
				81DD6D892C88DB4700066653 /* WorkSans-LightItalic.ttf */,
				81DD6D8A2C88DB4700066653 /* WorkSans-Medium.ttf */,
				81DD6D8B2C88DB4700066653 /* WorkSans-MediumItalic.ttf */,
				81DD6D8C2C88DB4700066653 /* WorkSans-Regular.ttf */,
				81DD6D8D2C88DB4700066653 /* WorkSans-SemiBold.ttf */,
				81DD6D8E2C88DB4700066653 /* WorkSans-SemiBoldItalic.ttf */,
				81DD6D8F2C88DB4700066653 /* WorkSans-Thin.ttf */,
				81DD6D902C88DB4700066653 /* WorkSans-ThinItalic.ttf */,
			);
			path = static;
			sourceTree = "<group>";
		};
		81DD6D962C88DB4700066653 /* Work_Sans */ = {
			isa = PBXGroup;
			children = (
				81DD6D912C88DB4700066653 /* static */,
				81DD6D922C88DB4700066653 /* OFL.txt */,
				81DD6D932C88DB4700066653 /* README.txt */,
				81DD6D942C88DB4700066653 /* WorkSans-Italic-VariableFont_wght.ttf */,
				81DD6D952C88DB4700066653 /* WorkSans-VariableFont_wght.ttf */,
			);
			path = Work_Sans;
			sourceTree = "<group>";
		};
		81EBAC142C7FA5C900D04EC4 = {
			isa = PBXGroup;
			children = (
				81EBAC1F2C7FA5C900D04EC4 /* HeadSafe */,
				81EBAC1E2C7FA5C900D04EC4 /* Products */,
			);
			sourceTree = "<group>";
		};
		81EBAC1E2C7FA5C900D04EC4 /* Products */ = {
			isa = PBXGroup;
			children = (
				81EBAC1D2C7FA5C900D04EC4 /* HeadSafe.app */,
			);
			name = Products;
			sourceTree = "<group>";
		};
		81EBAC1F2C7FA5C900D04EC4 /* HeadSafe */ = {
			isa = PBXGroup;
			children = (
				81DD6D242C88CBC000066653 /* Info.plist */,
				81EBAC2F2C7FA62600D04EC4 /* Navigation */,
				81EBAC202C7FA5C900D04EC4 /* HeadSafeApp.swift */,
				817605722C88E203001EAC3E /* Occurrences */,
				81DD6CF22C88C64500066653 /* CardView.swift */,
				81EBAC242C7FA5CD00D04EC4 /* Assets.xcassets */,
				81EBAC262C7FA5CD00D04EC4 /* HeadSafe.entitlements */,
				81DD6D962C88DB4700066653 /* Work_Sans */,
				81EBAC272C7FA5CD00D04EC4 /* Preview Content */,
			);
			path = HeadSafe;
			sourceTree = "<group>";
		};
		81EBAC272C7FA5CD00D04EC4 /* Preview Content */ = {
			isa = PBXGroup;
			children = (
				81EBAC282C7FA5CD00D04EC4 /* Preview Assets.xcassets */,
			);
			path = "Preview Content";
			sourceTree = "<group>";
		};
		81EBAC2F2C7FA62600D04EC4 /* Navigation */ = {
			isa = PBXGroup;
			children = (
				81EBAC302C7FA67E00D04EC4 /* HeadSafeNavigation.swift */,
				81EBAC322C7FA6AA00D04EC4 /* HeadSafeViewFactory.swift */,
				81EBAC342C7FA70F00D04EC4 /* HeadSafeFlow.swift */,
			);
			path = Navigation;
			sourceTree = "<group>";
		};
/* End PBXGroup section */

/* Begin PBXNativeTarget section */
		81EBAC1C2C7FA5C900D04EC4 /* HeadSafe */ = {
			isa = PBXNativeTarget;
			buildConfigurationList = 81EBAC2C2C7FA5CD00D04EC4 /* Build configuration list for PBXNativeTarget "HeadSafe" */;
			buildPhases = (
				81EBAC192C7FA5C900D04EC4 /* Sources */,
				81EBAC1A2C7FA5C900D04EC4 /* Frameworks */,
				81EBAC1B2C7FA5C900D04EC4 /* Resources */,
			);
			buildRules = (
			);
			dependencies = (
			);
			name = HeadSafe;
			productName = HeadSafe;
			productReference = 81EBAC1D2C7FA5C900D04EC4 /* HeadSafe.app */;
			productType = "com.apple.product-type.application";
		};
/* End PBXNativeTarget section */

/* Begin PBXProject section */
		81EBAC152C7FA5C900D04EC4 /* Project object */ = {
			isa = PBXProject;
			attributes = {
				BuildIndependentTargetsInParallel = 1;
				LastSwiftUpdateCheck = 1540;
				LastUpgradeCheck = 1540;
				TargetAttributes = {
					81EBAC1C2C7FA5C900D04EC4 = {
						CreatedOnToolsVersion = 15.4;
					};
				};
			};
			buildConfigurationList = 81EBAC182C7FA5C900D04EC4 /* Build configuration list for PBXProject "HeadSafe" */;
			compatibilityVersion = "Xcode 14.0";
			developmentRegion = en;
			hasScannedForEncodings = 0;
			knownRegions = (
				en,
				Base,
			);
			mainGroup = 81EBAC142C7FA5C900D04EC4;
			productRefGroup = 81EBAC1E2C7FA5C900D04EC4 /* Products */;
			projectDirPath = "";
			projectRoot = "";
			targets = (
				81EBAC1C2C7FA5C900D04EC4 /* HeadSafe */,
			);
		};
/* End PBXProject section */

/* Begin PBXResourcesBuildPhase section */
		81EBAC1B2C7FA5C900D04EC4 /* Resources */ = {
			isa = PBXResourcesBuildPhase;
			buildActionMask = 2147483647;
			files = (
				81DD6DA92C88DB4700066653 /* OFL.txt in Resources */,
				81DD6D9C2C88DB4700066653 /* WorkSans-ExtraBoldItalic.ttf in Resources */,
				81DD6DAA2C88DB4700066653 /* README.txt in Resources */,
				81DD6DA32C88DB4700066653 /* WorkSans-MediumItalic.ttf in Resources */,
				81DD6D982C88DB4700066653 /* WorkSans-BlackItalic.ttf in Resources */,
				81DD6DAC2C88DB4700066653 /* WorkSans-VariableFont_wght.ttf in Resources */,
				81DD6DA52C88DB4700066653 /* WorkSans-SemiBold.ttf in Resources */,
				81DD6D9A2C88DB4700066653 /* WorkSans-BoldItalic.ttf in Resources */,
				81DD6D9B2C88DB4700066653 /* WorkSans-ExtraBold.ttf in Resources */,
				81DD6DA72C88DB4700066653 /* WorkSans-Thin.ttf in Resources */,
				81DD6DA12C88DB4700066653 /* WorkSans-LightItalic.ttf in Resources */,
				81DD6DA22C88DB4700066653 /* WorkSans-Medium.ttf in Resources */,
				81DD6DA42C88DB4700066653 /* WorkSans-Regular.ttf in Resources */,
				81DD6D9E2C88DB4700066653 /* WorkSans-ExtraLightItalic.ttf in Resources */,
				81DD6D972C88DB4700066653 /* WorkSans-Black.ttf in Resources */,
				81EBAC292C7FA5CD00D04EC4 /* Preview Assets.xcassets in Resources */,
				81DD6DA82C88DB4700066653 /* WorkSans-ThinItalic.ttf in Resources */,
				81DD6DAB2C88DB4700066653 /* WorkSans-Italic-VariableFont_wght.ttf in Resources */,
				81DD6DA02C88DB4700066653 /* WorkSans-Light.ttf in Resources */,
				81DD6DA62C88DB4700066653 /* WorkSans-SemiBoldItalic.ttf in Resources */,
				81DD6D9F2C88DB4700066653 /* WorkSans-Italic.ttf in Resources */,
				81EBAC252C7FA5CD00D04EC4 /* Assets.xcassets in Resources */,
				81DD6D9D2C88DB4700066653 /* WorkSans-ExtraLight.ttf in Resources */,
				81DD6D992C88DB4700066653 /* WorkSans-Bold.ttf in Resources */,
			);
			runOnlyForDeploymentPostprocessing = 0;
		};
/* End PBXResourcesBuildPhase section */

/* Begin PBXSourcesBuildPhase section */
		81EBAC192C7FA5C900D04EC4 /* Sources */ = {
			isa = PBXSourcesBuildPhase;
			buildActionMask = 2147483647;
			files = (
				81EBAC352C7FA70F00D04EC4 /* HeadSafeFlow.swift in Sources */,
				81EBAC332C7FA6AA00D04EC4 /* HeadSafeViewFactory.swift in Sources */,
				81EBAC312C7FA67F00D04EC4 /* HeadSafeNavigation.swift in Sources */,
				81DD6CEF2C88C5AA00066653 /*  OccurrencesView.swift in Sources */,
				81DD6CF32C88C64500066653 /* CardView.swift in Sources */,
				81EBAC212C7FA5C900D04EC4 /* HeadSafeApp.swift in Sources */,
			);
			runOnlyForDeploymentPostprocessing = 0;
		};
/* End PBXSourcesBuildPhase section */

/* Begin XCBuildConfiguration section */
		81EBAC2A2C7FA5CD00D04EC4 /* Debug */ = {
			isa = XCBuildConfiguration;
			buildSettings = {
				ALWAYS_SEARCH_USER_PATHS = NO;
				ASSETCATALOG_COMPILER_GENERATE_SWIFT_ASSET_SYMBOL_EXTENSIONS = YES;
				CLANG_ANALYZER_NONNULL = YES;
				CLANG_ANALYZER_NUMBER_OBJECT_CONVERSION = YES_AGGRESSIVE;
				CLANG_CXX_LANGUAGE_STANDARD = "gnu++20";
				CLANG_ENABLE_MODULES = YES;
				CLANG_ENABLE_OBJC_ARC = YES;
				CLANG_ENABLE_OBJC_WEAK = YES;
				CLANG_WARN_BLOCK_CAPTURE_AUTORELEASING = YES;
				CLANG_WARN_BOOL_CONVERSION = YES;
				CLANG_WARN_COMMA = YES;
				CLANG_WARN_CONSTANT_CONVERSION = YES;
				CLANG_WARN_DEPRECATED_OBJC_IMPLEMENTATIONS = YES;
				CLANG_WARN_DIRECT_OBJC_ISA_USAGE = YES_ERROR;
				CLANG_WARN_DOCUMENTATION_COMMENTS = YES;
				CLANG_WARN_EMPTY_BODY = YES;
				CLANG_WARN_ENUM_CONVERSION = YES;
				CLANG_WARN_INFINITE_RECURSION = YES;
				CLANG_WARN_INT_CONVERSION = YES;
				CLANG_WARN_NON_LITERAL_NULL_CONVERSION = YES;
				CLANG_WARN_OBJC_IMPLICIT_RETAIN_SELF = YES;
				CLANG_WARN_OBJC_LITERAL_CONVERSION = YES;
				CLANG_WARN_OBJC_ROOT_CLASS = YES_ERROR;
				CLANG_WARN_QUOTED_INCLUDE_IN_FRAMEWORK_HEADER = YES;
				CLANG_WARN_RANGE_LOOP_ANALYSIS = YES;
				CLANG_WARN_STRICT_PROTOTYPES = YES;
				CLANG_WARN_SUSPICIOUS_MOVE = YES;
				CLANG_WARN_UNGUARDED_AVAILABILITY = YES_AGGRESSIVE;
				CLANG_WARN_UNREACHABLE_CODE = YES;
				CLANG_WARN__DUPLICATE_METHOD_MATCH = YES;
				COPY_PHASE_STRIP = NO;
				DEBUG_INFORMATION_FORMAT = dwarf;
				ENABLE_STRICT_OBJC_MSGSEND = YES;
				ENABLE_TESTABILITY = YES;
				ENABLE_USER_SCRIPT_SANDBOXING = YES;
				GCC_C_LANGUAGE_STANDARD = gnu17;
				GCC_DYNAMIC_NO_PIC = NO;
				GCC_NO_COMMON_BLOCKS = YES;
				GCC_OPTIMIZATION_LEVEL = 0;
				GCC_PREPROCESSOR_DEFINITIONS = (
					"DEBUG=1",
					"$(inherited)",
				);
				GCC_WARN_64_TO_32_BIT_CONVERSION = YES;
				GCC_WARN_ABOUT_RETURN_TYPE = YES_ERROR;
				GCC_WARN_UNDECLARED_SELECTOR = YES;
				GCC_WARN_UNINITIALIZED_AUTOS = YES_AGGRESSIVE;
				GCC_WARN_UNUSED_FUNCTION = YES;
				GCC_WARN_UNUSED_VARIABLE = YES;
				LOCALIZATION_PREFERS_STRING_CATALOGS = YES;
				MTL_ENABLE_DEBUG_INFO = INCLUDE_SOURCE;
				MTL_FAST_MATH = YES;
				ONLY_ACTIVE_ARCH = YES;
				SWIFT_ACTIVE_COMPILATION_CONDITIONS = "DEBUG $(inherited)";
				SWIFT_OPTIMIZATION_LEVEL = "-Onone";
			};
			name = Debug;
		};
		81EBAC2B2C7FA5CD00D04EC4 /* Release */ = {
			isa = XCBuildConfiguration;
			buildSettings = {
				ALWAYS_SEARCH_USER_PATHS = NO;
				ASSETCATALOG_COMPILER_GENERATE_SWIFT_ASSET_SYMBOL_EXTENSIONS = YES;
				CLANG_ANALYZER_NONNULL = YES;
				CLANG_ANALYZER_NUMBER_OBJECT_CONVERSION = YES_AGGRESSIVE;
				CLANG_CXX_LANGUAGE_STANDARD = "gnu++20";
				CLANG_ENABLE_MODULES = YES;
				CLANG_ENABLE_OBJC_ARC = YES;
				CLANG_ENABLE_OBJC_WEAK = YES;
				CLANG_WARN_BLOCK_CAPTURE_AUTORELEASING = YES;
				CLANG_WARN_BOOL_CONVERSION = YES;
				CLANG_WARN_COMMA = YES;
				CLANG_WARN_CONSTANT_CONVERSION = YES;
				CLANG_WARN_DEPRECATED_OBJC_IMPLEMENTATIONS = YES;
				CLANG_WARN_DIRECT_OBJC_ISA_USAGE = YES_ERROR;
				CLANG_WARN_DOCUMENTATION_COMMENTS = YES;
				CLANG_WARN_EMPTY_BODY = YES;
				CLANG_WARN_ENUM_CONVERSION = YES;
				CLANG_WARN_INFINITE_RECURSION = YES;
				CLANG_WARN_INT_CONVERSION = YES;
				CLANG_WARN_NON_LITERAL_NULL_CONVERSION = YES;
				CLANG_WARN_OBJC_IMPLICIT_RETAIN_SELF = YES;
				CLANG_WARN_OBJC_LITERAL_CONVERSION = YES;
				CLANG_WARN_OBJC_ROOT_CLASS = YES_ERROR;
				CLANG_WARN_QUOTED_INCLUDE_IN_FRAMEWORK_HEADER = YES;
				CLANG_WARN_RANGE_LOOP_ANALYSIS = YES;
				CLANG_WARN_STRICT_PROTOTYPES = YES;
				CLANG_WARN_SUSPICIOUS_MOVE = YES;
				CLANG_WARN_UNGUARDED_AVAILABILITY = YES_AGGRESSIVE;
				CLANG_WARN_UNREACHABLE_CODE = YES;
				CLANG_WARN__DUPLICATE_METHOD_MATCH = YES;
				COPY_PHASE_STRIP = NO;
				DEBUG_INFORMATION_FORMAT = "dwarf-with-dsym";
				ENABLE_NS_ASSERTIONS = NO;
				ENABLE_STRICT_OBJC_MSGSEND = YES;
				ENABLE_USER_SCRIPT_SANDBOXING = YES;
				GCC_C_LANGUAGE_STANDARD = gnu17;
				GCC_NO_COMMON_BLOCKS = YES;
				GCC_WARN_64_TO_32_BIT_CONVERSION = YES;
				GCC_WARN_ABOUT_RETURN_TYPE = YES_ERROR;
				GCC_WARN_UNDECLARED_SELECTOR = YES;
				GCC_WARN_UNINITIALIZED_AUTOS = YES_AGGRESSIVE;
				GCC_WARN_UNUSED_FUNCTION = YES;
				GCC_WARN_UNUSED_VARIABLE = YES;
				LOCALIZATION_PREFERS_STRING_CATALOGS = YES;
				MTL_ENABLE_DEBUG_INFO = NO;
				MTL_FAST_MATH = YES;
				SWIFT_COMPILATION_MODE = wholemodule;
			};
			name = Release;
		};
		81EBAC2D2C7FA5CD00D04EC4 /* Debug */ = {
			isa = XCBuildConfiguration;
			buildSettings = {
				ASSETCATALOG_COMPILER_APPICON_NAME = AppIcon;
				ASSETCATALOG_COMPILER_GLOBAL_ACCENT_COLOR_NAME = AccentColor;
				CODE_SIGN_ENTITLEMENTS = HeadSafe/HeadSafe.entitlements;
				CODE_SIGN_STYLE = Automatic;
				CURRENT_PROJECT_VERSION = 1;
				DEVELOPMENT_ASSET_PATHS = "\"HeadSafe/Preview Content\"";
				DEVELOPMENT_TEAM = J8J9A839Z5;
				ENABLE_HARDENED_RUNTIME = YES;
				ENABLE_PREVIEWS = YES;
				GENERATE_INFOPLIST_FILE = YES;
				INFOPLIST_FILE = HeadSafe/Info.plist;
				"INFOPLIST_KEY_UIApplicationSceneManifest_Generation[sdk=iphoneos*]" = YES;
				"INFOPLIST_KEY_UIApplicationSceneManifest_Generation[sdk=iphonesimulator*]" = YES;
				"INFOPLIST_KEY_UIApplicationSupportsIndirectInputEvents[sdk=iphoneos*]" = YES;
				"INFOPLIST_KEY_UIApplicationSupportsIndirectInputEvents[sdk=iphonesimulator*]" = YES;
				"INFOPLIST_KEY_UILaunchScreen_Generation[sdk=iphoneos*]" = YES;
				"INFOPLIST_KEY_UILaunchScreen_Generation[sdk=iphonesimulator*]" = YES;
				"INFOPLIST_KEY_UIStatusBarStyle[sdk=iphoneos*]" = UIStatusBarStyleDefault;
				"INFOPLIST_KEY_UIStatusBarStyle[sdk=iphonesimulator*]" = UIStatusBarStyleDefault;
				INFOPLIST_KEY_UISupportedInterfaceOrientations_iPad = "UIInterfaceOrientationPortrait UIInterfaceOrientationPortraitUpsideDown";
				INFOPLIST_KEY_UISupportedInterfaceOrientations_iPhone = UIInterfaceOrientationPortrait;
				IPHONEOS_DEPLOYMENT_TARGET = 17.0;
				LD_RUNPATH_SEARCH_PATHS = "@executable_path/Frameworks";
				"LD_RUNPATH_SEARCH_PATHS[sdk=macosx*]" = "@executable_path/../Frameworks";
				MACOSX_DEPLOYMENT_TARGET = 14.5;
				MARKETING_VERSION = 1.0;
				PRODUCT_BUNDLE_IDENTIFIER = pedro.olyntho.HeadSafe;
				PRODUCT_NAME = "$(TARGET_NAME)";
				SDKROOT = auto;
				SUPPORTED_PLATFORMS = "iphoneos iphonesimulator";
				SUPPORTS_MACCATALYST = NO;
				SWIFT_EMIT_LOC_STRINGS = YES;
				SWIFT_VERSION = 5.0;
				TARGETED_DEVICE_FAMILY = "1,2";
			};
			name = Debug;
		};
		81EBAC2E2C7FA5CD00D04EC4 /* Release */ = {
			isa = XCBuildConfiguration;
			buildSettings = {
				ASSETCATALOG_COMPILER_APPICON_NAME = AppIcon;
				ASSETCATALOG_COMPILER_GLOBAL_ACCENT_COLOR_NAME = AccentColor;
				CODE_SIGN_ENTITLEMENTS = HeadSafe/HeadSafe.entitlements;
				CODE_SIGN_STYLE = Automatic;
				CURRENT_PROJECT_VERSION = 1;
				DEVELOPMENT_ASSET_PATHS = "\"HeadSafe/Preview Content\"";
				DEVELOPMENT_TEAM = J8J9A839Z5;
				ENABLE_HARDENED_RUNTIME = YES;
				ENABLE_PREVIEWS = YES;
				GENERATE_INFOPLIST_FILE = YES;
				INFOPLIST_FILE = HeadSafe/Info.plist;
				"INFOPLIST_KEY_UIApplicationSceneManifest_Generation[sdk=iphoneos*]" = YES;
				"INFOPLIST_KEY_UIApplicationSceneManifest_Generation[sdk=iphonesimulator*]" = YES;
				"INFOPLIST_KEY_UIApplicationSupportsIndirectInputEvents[sdk=iphoneos*]" = YES;
				"INFOPLIST_KEY_UIApplicationSupportsIndirectInputEvents[sdk=iphonesimulator*]" = YES;
				"INFOPLIST_KEY_UILaunchScreen_Generation[sdk=iphoneos*]" = YES;
				"INFOPLIST_KEY_UILaunchScreen_Generation[sdk=iphonesimulator*]" = YES;
				"INFOPLIST_KEY_UIStatusBarStyle[sdk=iphoneos*]" = UIStatusBarStyleDefault;
				"INFOPLIST_KEY_UIStatusBarStyle[sdk=iphonesimulator*]" = UIStatusBarStyleDefault;
				INFOPLIST_KEY_UISupportedInterfaceOrientations_iPad = "UIInterfaceOrientationPortrait UIInterfaceOrientationPortraitUpsideDown";
				INFOPLIST_KEY_UISupportedInterfaceOrientations_iPhone = UIInterfaceOrientationPortrait;
				IPHONEOS_DEPLOYMENT_TARGET = 17.0;
				LD_RUNPATH_SEARCH_PATHS = "@executable_path/Frameworks";
				"LD_RUNPATH_SEARCH_PATHS[sdk=macosx*]" = "@executable_path/../Frameworks";
				MACOSX_DEPLOYMENT_TARGET = 14.5;
				MARKETING_VERSION = 1.0;
				PRODUCT_BUNDLE_IDENTIFIER = pedro.olyntho.HeadSafe;
				PRODUCT_NAME = "$(TARGET_NAME)";
				SDKROOT = auto;
				SUPPORTED_PLATFORMS = "iphoneos iphonesimulator";
				SUPPORTS_MACCATALYST = NO;
				SWIFT_EMIT_LOC_STRINGS = YES;
				SWIFT_VERSION = 5.0;
				TARGETED_DEVICE_FAMILY = "1,2";
			};
			name = Release;
		};
/* End XCBuildConfiguration section */

/* Begin XCConfigurationList section */
		81EBAC182C7FA5C900D04EC4 /* Build configuration list for PBXProject "HeadSafe" */ = {
			isa = XCConfigurationList;
			buildConfigurations = (
				81EBAC2A2C7FA5CD00D04EC4 /* Debug */,
				81EBAC2B2C7FA5CD00D04EC4 /* Release */,
			);
			defaultConfigurationIsVisible = 0;
			defaultConfigurationName = Release;
		};
		81EBAC2C2C7FA5CD00D04EC4 /* Build configuration list for PBXNativeTarget "HeadSafe" */ = {
			isa = XCConfigurationList;
			buildConfigurations = (
				81EBAC2D2C7FA5CD00D04EC4 /* Debug */,
				81EBAC2E2C7FA5CD00D04EC4 /* Release */,
			);
			defaultConfigurationIsVisible = 0;
			defaultConfigurationName = Release;
		};
/* End XCConfigurationList section */
	};
	rootObject = 81EBAC152C7FA5C900D04EC4 /* Project object */;
}
